# THIS IS AN AUTOGENERATED FILE. DO NOT EDIT THIS FILE DIRECTLY.
# yarn lockfile v1


react-native-aws-ivs-player-view@^0.2.5:
  version "0.2.5"
  resolved "https://registry.yarnpkg.com/react-native-aws-ivs-player-view/-/react-native-aws-ivs-player-view-0.2.5.tgz#1fd88252b38e60ce373a26442e152c8de2e4864f"
  integrity sha512-NO6bdtYVztjowgiH/Rs+wLD8ZmZF5qY+bqI+qTntoKiG1P4oU8OHfmnujrMpp5rjxQgQKgei/iAqoC3lKDVGwA==
